
Microsoft Visual Studio Solution File, Format Version 12.00
# Visual Studio Version 17
VisualStudioVersion = 17.4.33122.133
MinimumVisualStudioVersion = 10.0.40219.1
Project("{FAE04EC0-301F-11D3-BF4B-00C04F79EFBC}") = "gestionBancariaApp", "gestionBancariaApp.csproj", "{A1EDD74E-C398-4F83-AA6E-75E96499221A}"
EndProject
Global
	GlobalSection(SolutionConfigurationPlatforms) = preSolution
		Debug|Any CPU = Debug|Any CPU
		Release|Any CPU = Release|Any CPU
	EndGlobalSection
	GlobalSection(ProjectConfigurationPlatforms) = postSolution
		{A1EDD74E-C398-4F83-AA6E-75E96499221A}.Debug|Any CPU.ActiveCfg = Debug|Any CPU
		{A1EDD74E-C398-4F83-AA6E-75E96499221A}.Debug|Any CPU.Build.0 = Debug|Any CPU
		{A1EDD74E-C398-4F83-AA6E-75E96499221A}.Release|Any CPU.ActiveCfg = Release|Any CPU
		{A1EDD74E-C398-4F83-AA6E-75E96499221A}.Release|Any CPU.Build.0 = Release|Any CPU
	EndGlobalSection
	GlobalSection(SolutionProperties) = preSolution
		HideSolutionNode = FALSE
	EndGlobalSection
	GlobalSection(ExtensibilityGlobals) = postSolution
		SolutionGuid = {D8635630-B584-4ED8-98C2-A59F36AB8C22}
	EndGlobalSection
EndGlobal
